
Microsoft Visual Studio Solution File, Format Version 12.00
# Visual Studio Version 17
VisualStudioVersion = 17.4.33122.133
MinimumVisualStudioVersion = 10.0.40219.1
Project("{FAE04EC0-301F-11D3-BF4B-00C04F79EFBC}") = "SiGG-RestF-BackEND-Webapi", "SiGG-RestF-BackEND-Webapi\SiGG-RestF-BackEND-Webapi.csproj", "{127769DD-0BF6-4649-B1C3-55C3DEEAADF4}"
EndProject
Global
	GlobalSection(SolutionConfigurationPlatforms) = preSolution
		Debug|Any CPU = Debug|Any CPU
		Release|Any CPU = Release|Any CPU
	EndGlobalSection
	GlobalSection(ProjectConfigurationPlatforms) = postSolution
		{127769DD-0BF6-4649-B1C3-55C3DEEAADF4}.Debug|Any CPU.ActiveCfg = Debug|Any CPU
		{127769DD-0BF6-4649-B1C3-55C3DEEAADF4}.Debug|Any CPU.Build.0 = Debug|Any CPU
		{127769DD-0BF6-4649-B1C3-55C3DEEAADF4}.Release|Any CPU.ActiveCfg = Release|Any CPU
		{127769DD-0BF6-4649-B1C3-55C3DEEAADF4}.Release|Any CPU.Build.0 = Release|Any CPU
	EndGlobalSection
	GlobalSection(SolutionProperties) = preSolution
		HideSolutionNode = FALSE
	EndGlobalSection
	GlobalSection(ExtensibilityGlobals) = postSolution
		SolutionGuid = {7CAB76BB-F995-4606-9554-1B987730EACB}
	EndGlobalSection
EndGlobal
